
Microsoft Visual Studio Solution File, Format Version 12.00
# Visual Studio 15
VisualStudioVersion = 15.0.26124.0
MinimumVisualStudioVersion = 15.0.26124.0
Project("{FAE04EC0-301F-11D3-BF4B-00C04F79EFBC}") = "Cssc3", "Cssc3\Cssc3.csproj", "{DB4AFAF8-B497-4BA8-B063-EA11C4AB767B}"
EndProject
Project("{FAE04EC0-301F-11D3-BF4B-00C04F79EFBC}") = "Cssc3.Test", "Cssc3.Test\Cssc3.Test.csproj", "{7D8BE397-D05D-4831-B685-12676ACF3E29}"
EndProject
Global
	GlobalSection(SolutionConfigurationPlatforms) = preSolution
		Debug|Any CPU = Debug|Any CPU
		Debug|x64 = Debug|x64
		Debug|x86 = Debug|x86
		Release|Any CPU = Release|Any CPU
		Release|x64 = Release|x64
		Release|x86 = Release|x86
	EndGlobalSection
	GlobalSection(SolutionProperties) = preSolution
		HideSolutionNode = FALSE
	EndGlobalSection
	GlobalSection(ProjectConfigurationPlatforms) = postSolution
		{DB4AFAF8-B497-4BA8-B063-EA11C4AB767B}.Debug|Any CPU.ActiveCfg = Debug|Any CPU
		{DB4AFAF8-B497-4BA8-B063-EA11C4AB767B}.Debug|Any CPU.Build.0 = Debug|Any CPU
		{DB4AFAF8-B497-4BA8-B063-EA11C4AB767B}.Debug|x64.ActiveCfg = Debug|Any CPU
		{DB4AFAF8-B497-4BA8-B063-EA11C4AB767B}.Debug|x64.Build.0 = Debug|Any CPU
		{DB4AFAF8-B497-4BA8-B063-EA11C4AB767B}.Debug|x86.ActiveCfg = Debug|Any CPU
		{DB4AFAF8-B497-4BA8-B063-EA11C4AB767B}.Debug|x86.Build.0 = Debug|Any CPU
		{DB4AFAF8-B497-4BA8-B063-EA11C4AB767B}.Release|Any CPU.ActiveCfg = Release|Any CPU
		{DB4AFAF8-B497-4BA8-B063-EA11C4AB767B}.Release|Any CPU.Build.0 = Release|Any CPU
		{DB4AFAF8-B497-4BA8-B063-EA11C4AB767B}.Release|x64.ActiveCfg = Release|Any CPU
		{DB4AFAF8-B497-4BA8-B063-EA11C4AB767B}.Release|x64.Build.0 = Release|Any CPU
		{DB4AFAF8-B497-4BA8-B063-EA11C4AB767B}.Release|x86.ActiveCfg = Release|Any CPU
		{DB4AFAF8-B497-4BA8-B063-EA11C4AB767B}.Release|x86.Build.0 = Release|Any CPU
		{7D8BE397-D05D-4831-B685-12676ACF3E29}.Debug|Any CPU.ActiveCfg = Debug|Any CPU
		{7D8BE397-D05D-4831-B685-12676ACF3E29}.Debug|Any CPU.Build.0 = Debug|Any CPU
		{7D8BE397-D05D-4831-B685-12676ACF3E29}.Debug|x64.ActiveCfg = Debug|Any CPU
		{7D8BE397-D05D-4831-B685-12676ACF3E29}.Debug|x64.Build.0 = Debug|Any CPU
		{7D8BE397-D05D-4831-B685-12676ACF3E29}.Debug|x86.ActiveCfg = Debug|Any CPU
		{7D8BE397-D05D-4831-B685-12676ACF3E29}.Debug|x86.Build.0 = Debug|Any CPU
		{7D8BE397-D05D-4831-B685-12676ACF3E29}.Release|Any CPU.ActiveCfg = Release|Any CPU
		{7D8BE397-D05D-4831-B685-12676ACF3E29}.Release|Any CPU.Build.0 = Release|Any CPU
		{7D8BE397-D05D-4831-B685-12676ACF3E29}.Release|x64.ActiveCfg = Release|Any CPU
		{7D8BE397-D05D-4831-B685-12676ACF3E29}.Release|x64.Build.0 = Release|Any CPU
		{7D8BE397-D05D-4831-B685-12676ACF3E29}.Release|x86.ActiveCfg = Release|Any CPU
		{7D8BE397-D05D-4831-B685-12676ACF3E29}.Release|x86.Build.0 = Release|Any CPU
	EndGlobalSection
EndGlobal
